// !$*UTF8*$!
{
	archiveVersion = 1;
	classes = {
	};
	objectVersion = 56;
	objects = {

/* Begin PBXBuildFile section */
		87BFAE442C21CF7E0049C8A5 /* evChargerApp.swift in Sources */ = {isa = PBXBuildFile; fileRef = 87BFAE432C21CF7E0049C8A5 /* evChargerApp.swift */; };
		87BFAE4A2C21CF7F0049C8A5 /* Assets.xcassets in Resources */ = {isa = PBXBuildFile; fileRef = 87BFAE492C21CF7F0049C8A5 /* Assets.xcassets */; };
		87BFAE4D2C21CF7F0049C8A5 /* Preview Assets.xcassets in Resources */ = {isa = PBXBuildFile; fileRef = 87BFAE4C2C21CF7F0049C8A5 /* Preview Assets.xcassets */; };
		87D5F5042C371F1B001E9227 /* LogInView.swift in Sources */ = {isa = PBXBuildFile; fileRef = 87D5F5032C371F1B001E9227 /* LogInView.swift */; };
		87D62DA82C347574004EA466 /* Charger.swift in Sources */ = {isa = PBXBuildFile; fileRef = 87D62DA72C347574004EA466 /* Charger.swift */; };
		87D62DAB2C347AE1004EA466 /* AdminDashboardView.swift in Sources */ = {isa = PBXBuildFile; fileRef = 87D62DAA2C347AE1004EA466 /* AdminDashboardView.swift */; };
		87D62DAD2C347B08004EA466 /* ChargerListView.swift in Sources */ = {isa = PBXBuildFile; fileRef = 87D62DAC2C347B08004EA466 /* ChargerListView.swift */; };
		87D62DAF2C347B2B004EA466 /* UserListView.swift in Sources */ = {isa = PBXBuildFile; fileRef = 87D62DAE2C347B2B004EA466 /* UserListView.swift */; };
		87D62DB12C347B3F004EA466 /* ChargerDetailView.swift in Sources */ = {isa = PBXBuildFile; fileRef = 87D62DB02C347B3F004EA466 /* ChargerDetailView.swift */; };
		87D62DB32C347B4F004EA466 /* UserDetailView.swift in Sources */ = {isa = PBXBuildFile; fileRef = 87D62DB22C347B4F004EA466 /* UserDetailView.swift */; };
		87E3DEA02C330E38004D0139 /* User.swift in Sources */ = {isa = PBXBuildFile; fileRef = 87E3DE9F2C330E38004D0139 /* User.swift */; };
		87E3DEA82C332083004D0139 /* SignUpView.swift in Sources */ = {isa = PBXBuildFile; fileRef = 87E3DEA72C332083004D0139 /* SignUpView.swift */; };
		87E830052C3AB11000F927A3 /* MainDashboardView.swift in Sources */ = {isa = PBXBuildFile; fileRef = 87E830042C3AB11000F927A3 /* MainDashboardView.swift */; };
		87E830072C3ABBA800F927A3 /* HaversineFormula.swift in Sources */ = {isa = PBXBuildFile; fileRef = 87E830062C3ABBA800F927A3 /* HaversineFormula.swift */; };
		87E830092C3AC23200F927A3 /* BookChargingView.swift in Sources */ = {isa = PBXBuildFile; fileRef = 87E830082C3AC23200F927A3 /* BookChargingView.swift */; };
/* End PBXBuildFile section */

/* Begin PBXFileReference section */
		87BFAE402C21CF7E0049C8A5 /* evCharger.app */ = {isa = PBXFileReference; explicitFileType = wrapper.application; includeInIndex = 0; path = evCharger.app; sourceTree = BUILT_PRODUCTS_DIR; };
		87BFAE432C21CF7E0049C8A5 /* evChargerApp.swift */ = {isa = PBXFileReference; lastKnownFileType = sourcecode.swift; path = evChargerApp.swift; sourceTree = "<group>"; };
		87BFAE492C21CF7F0049C8A5 /* Assets.xcassets */ = {isa = PBXFileReference; lastKnownFileType = folder.assetcatalog; path = Assets.xcassets; sourceTree = "<group>"; };
		87BFAE4C2C21CF7F0049C8A5 /* Preview Assets.xcassets */ = {isa = PBXFileReference; lastKnownFileType = folder.assetcatalog; path = "Preview Assets.xcassets"; sourceTree = "<group>"; };
		87D5F5032C371F1B001E9227 /* LogInView.swift */ = {isa = PBXFileReference; lastKnownFileType = sourcecode.swift; path = LogInView.swift; sourceTree = "<group>"; };
		87D62DA72C347574004EA466 /* Charger.swift */ = {isa = PBXFileReference; fileEncoding = 4; lastKnownFileType = sourcecode.swift; path = Charger.swift; sourceTree = "<group>"; };
		87D62DAA2C347AE1004EA466 /* AdminDashboardView.swift */ = {isa = PBXFileReference; lastKnownFileType = sourcecode.swift; path = AdminDashboardView.swift; sourceTree = "<group>"; };
		87D62DAC2C347B08004EA466 /* ChargerListView.swift */ = {isa = PBXFileReference; lastKnownFileType = sourcecode.swift; path = ChargerListView.swift; sourceTree = "<group>"; };
		87D62DAE2C347B2B004EA466 /* UserListView.swift */ = {isa = PBXFileReference; lastKnownFileType = sourcecode.swift; path = UserListView.swift; sourceTree = "<group>"; };
		87D62DB02C347B3F004EA466 /* ChargerDetailView.swift */ = {isa = PBXFileReference; lastKnownFileType = sourcecode.swift; path = ChargerDetailView.swift; sourceTree = "<group>"; };
		87D62DB22C347B4F004EA466 /* UserDetailView.swift */ = {isa = PBXFileReference; lastKnownFileType = sourcecode.swift; path = UserDetailView.swift; sourceTree = "<group>"; };
		87E3DE9F2C330E38004D0139 /* User.swift */ = {isa = PBXFileReference; lastKnownFileType = sourcecode.swift; path = User.swift; sourceTree = "<group>"; };
		87E3DEA72C332083004D0139 /* SignUpView.swift */ = {isa = PBXFileReference; lastKnownFileType = sourcecode.swift; path = SignUpView.swift; sourceTree = "<group>"; };
		87E830042C3AB11000F927A3 /* MainDashboardView.swift */ = {isa = PBXFileReference; lastKnownFileType = sourcecode.swift; path = MainDashboardView.swift; sourceTree = "<group>"; };
		87E830062C3ABBA800F927A3 /* HaversineFormula.swift */ = {isa = PBXFileReference; lastKnownFileType = sourcecode.swift; path = HaversineFormula.swift; sourceTree = "<group>"; };
		87E830082C3AC23200F927A3 /* BookChargingView.swift */ = {isa = PBXFileReference; lastKnownFileType = sourcecode.swift; path = BookChargingView.swift; sourceTree = "<group>"; };
/* End PBXFileReference section */

/* Begin PBXFrameworksBuildPhase section */
		87BFAE3D2C21CF7E0049C8A5 /* Frameworks */ = {
			isa = PBXFrameworksBuildPhase;
			buildActionMask = 2147483647;
			files = (
			);
			runOnlyForDeploymentPostprocessing = 0;
		};
/* End PBXFrameworksBuildPhase section */

/* Begin PBXGroup section */
		8708FE5D2C3475080003D072 /* Model */ = {
			isa = PBXGroup;
			children = (
				87D62DA72C347574004EA466 /* Charger.swift */,
				87E3DE9F2C330E38004D0139 /* User.swift */,
				87E830062C3ABBA800F927A3 /* HaversineFormula.swift */,
			);
			path = Model;
			sourceTree = "<group>";
		};
		87BFAE372C21CF7D0049C8A5 = {
			isa = PBXGroup;
			children = (
				87BFAE422C21CF7E0049C8A5 /* evCharger */,
				87BFAE412C21CF7E0049C8A5 /* Products */,
			);
			sourceTree = "<group>";
		};
		87BFAE412C21CF7E0049C8A5 /* Products */ = {
			isa = PBXGroup;
			children = (
				87BFAE402C21CF7E0049C8A5 /* evCharger.app */,
			);
			name = Products;
			sourceTree = "<group>";
		};
		87BFAE422C21CF7E0049C8A5 /* evCharger */ = {
			isa = PBXGroup;
			children = (
				87D62DA92C34757F004EA466 /* View */,
				8708FE5D2C3475080003D072 /* Model */,
				87BFAE432C21CF7E0049C8A5 /* evChargerApp.swift */,
				87BFAE492C21CF7F0049C8A5 /* Assets.xcassets */,
				87BFAE4B2C21CF7F0049C8A5 /* Preview Content */,
			);
			path = evCharger;
			sourceTree = "<group>";
		};
		87BFAE4B2C21CF7F0049C8A5 /* Preview Content */ = {
			isa = PBXGroup;
			children = (
				87BFAE4C2C21CF7F0049C8A5 /* Preview Assets.xcassets */,
			);
			path = "Preview Content";
			sourceTree = "<group>";
		};
		87D5F5022C371D08001E9227 /* AdminViews */ = {
			isa = PBXGroup;
			children = (
				87D62DAA2C347AE1004EA466 /* AdminDashboardView.swift */,
				87D62DAC2C347B08004EA466 /* ChargerListView.swift */,
				87D62DAE2C347B2B004EA466 /* UserListView.swift */,
				87D62DB02C347B3F004EA466 /* ChargerDetailView.swift */,
				87D62DB22C347B4F004EA466 /* UserDetailView.swift */,
			);
			path = AdminViews;
			sourceTree = "<group>";
		};
		87D62DA92C34757F004EA466 /* View */ = {
			isa = PBXGroup;
			children = (
				87E830032C3AB0F500F927A3 /* UserViews */,
				87D5F5022C371D08001E9227 /* AdminViews */,
				87E3DEA72C332083004D0139 /* SignUpView.swift */,
				87D5F5032C371F1B001E9227 /* LogInView.swift */,
			);
			path = View;
			sourceTree = "<group>";
		};
		87E830032C3AB0F500F927A3 /* UserViews */ = {
			isa = PBXGroup;
			children = (
				87E830042C3AB11000F927A3 /* MainDashboardView.swift */,
				87E830082C3AC23200F927A3 /* BookChargingView.swift */,
			);
			path = UserViews;
			sourceTree = "<group>";
		};
/* End PBXGroup section */

/* Begin PBXNativeTarget section */
		87BFAE3F2C21CF7E0049C8A5 /* evCharger */ = {
			isa = PBXNativeTarget;
			buildConfigurationList = 87BFAE502C21CF7F0049C8A5 /* Build configuration list for PBXNativeTarget "evCharger" */;
			buildPhases = (
				87BFAE3C2C21CF7E0049C8A5 /* Sources */,
				87BFAE3D2C21CF7E0049C8A5 /* Frameworks */,
				87BFAE3E2C21CF7E0049C8A5 /* Resources */,
			);
			buildRules = (
			);
			dependencies = (
			);
			name = evCharger;
			productName = evCharger;
			productReference = 87BFAE402C21CF7E0049C8A5 /* evCharger.app */;
			productType = "com.apple.product-type.application";
		};
/* End PBXNativeTarget section */

/* Begin PBXProject section */
		87BFAE382C21CF7D0049C8A5 /* Project object */ = {
			isa = PBXProject;
			attributes = {
				BuildIndependentTargetsInParallel = 1;
				LastSwiftUpdateCheck = 1530;
				LastUpgradeCheck = 1530;
				TargetAttributes = {
					87BFAE3F2C21CF7E0049C8A5 = {
						CreatedOnToolsVersion = 15.3;
					};
				};
			};
			buildConfigurationList = 87BFAE3B2C21CF7D0049C8A5 /* Build configuration list for PBXProject "evCharger" */;
			compatibilityVersion = "Xcode 14.0";
			developmentRegion = en;
			hasScannedForEncodings = 0;
			knownRegions = (
				en,
				Base,
			);
			mainGroup = 87BFAE372C21CF7D0049C8A5;
			productRefGroup = 87BFAE412C21CF7E0049C8A5 /* Products */;
			projectDirPath = "";
			projectRoot = "";
			targets = (
				87BFAE3F2C21CF7E0049C8A5 /* evCharger */,
			);
		};
/* End PBXProject section */

/* Begin PBXResourcesBuildPhase section */
		87BFAE3E2C21CF7E0049C8A5 /* Resources */ = {
			isa = PBXResourcesBuildPhase;
			buildActionMask = 2147483647;
			files = (
				87BFAE4D2C21CF7F0049C8A5 /* Preview Assets.xcassets in Resources */,
				87BFAE4A2C21CF7F0049C8A5 /* Assets.xcassets in Resources */,
			);
			runOnlyForDeploymentPostprocessing = 0;
		};
/* End PBXResourcesBuildPhase section */

/* Begin PBXSourcesBuildPhase section */
		87BFAE3C2C21CF7E0049C8A5 /* Sources */ = {
			isa = PBXSourcesBuildPhase;
			buildActionMask = 2147483647;
			files = (
				87E3DEA02C330E38004D0139 /* User.swift in Sources */,
				87D62DAF2C347B2B004EA466 /* UserListView.swift in Sources */,
				87D62DA82C347574004EA466 /* Charger.swift in Sources */,
				87D62DAD2C347B08004EA466 /* ChargerListView.swift in Sources */,
				87BFAE442C21CF7E0049C8A5 /* evChargerApp.swift in Sources */,
				87D5F5042C371F1B001E9227 /* LogInView.swift in Sources */,
				87E3DEA82C332083004D0139 /* SignUpView.swift in Sources */,
				87E830092C3AC23200F927A3 /* BookChargingView.swift in Sources */,
				87E830052C3AB11000F927A3 /* MainDashboardView.swift in Sources */,
				87E830072C3ABBA800F927A3 /* HaversineFormula.swift in Sources */,
				87D62DB12C347B3F004EA466 /* ChargerDetailView.swift in Sources */,
				87D62DAB2C347AE1004EA466 /* AdminDashboardView.swift in Sources */,
				87D62DB32C347B4F004EA466 /* UserDetailView.swift in Sources */,
			);
			runOnlyForDeploymentPostprocessing = 0;
		};
/* End PBXSourcesBuildPhase section */

/* Begin XCBuildConfiguration section */
		87BFAE4E2C21CF7F0049C8A5 /* Debug */ = {
			isa = XCBuildConfiguration;
			buildSettings = {
				ALWAYS_SEARCH_USER_PATHS = NO;
				ASSETCATALOG_COMPILER_GENERATE_SWIFT_ASSET_SYMBOL_EXTENSIONS = YES;
				CLANG_ANALYZER_NONNULL = YES;
				CLANG_ANALYZER_NUMBER_OBJECT_CONVERSION = YES_AGGRESSIVE;
				CLANG_CXX_LANGUAGE_STANDARD = "gnu++20";
				CLANG_ENABLE_MODULES = YES;
				CLANG_ENABLE_OBJC_ARC = YES;
				CLANG_ENABLE_OBJC_WEAK = YES;
				CLANG_WARN_BLOCK_CAPTURE_AUTORELEASING = YES;
				CLANG_WARN_BOOL_CONVERSION = YES;
				CLANG_WARN_COMMA = YES;
				CLANG_WARN_CONSTANT_CONVERSION = YES;
				CLANG_WARN_DEPRECATED_OBJC_IMPLEMENTATIONS = YES;
				CLANG_WARN_DIRECT_OBJC_ISA_USAGE = YES_ERROR;
				CLANG_WARN_DOCUMENTATION_COMMENTS = YES;
				CLANG_WARN_EMPTY_BODY = YES;
				CLANG_WARN_ENUM_CONVERSION = YES;
				CLANG_WARN_INFINITE_RECURSION = YES;
				CLANG_WARN_INT_CONVERSION = YES;
				CLANG_WARN_NON_LITERAL_NULL_CONVERSION = YES;
				CLANG_WARN_OBJC_IMPLICIT_RETAIN_SELF = YES;
				CLANG_WARN_OBJC_LITERAL_CONVERSION = YES;
				CLANG_WARN_OBJC_ROOT_CLASS = YES_ERROR;
				CLANG_WARN_QUOTED_INCLUDE_IN_FRAMEWORK_HEADER = YES;
				CLANG_WARN_RANGE_LOOP_ANALYSIS = YES;
				CLANG_WARN_STRICT_PROTOTYPES = YES;
				CLANG_WARN_SUSPICIOUS_MOVE = YES;
				CLANG_WARN_UNGUARDED_AVAILABILITY = YES_AGGRESSIVE;
				CLANG_WARN_UNREACHABLE_CODE = YES;
				CLANG_WARN__DUPLICATE_METHOD_MATCH = YES;
				COPY_PHASE_STRIP = NO;
				DEBUG_INFORMATION_FORMAT = dwarf;
				ENABLE_STRICT_OBJC_MSGSEND = YES;
				ENABLE_TESTABILITY = YES;
				ENABLE_USER_SCRIPT_SANDBOXING = YES;
				GCC_C_LANGUAGE_STANDARD = gnu17;
				GCC_DYNAMIC_NO_PIC = NO;
				GCC_NO_COMMON_BLOCKS = YES;
				GCC_OPTIMIZATION_LEVEL = 0;
				GCC_PREPROCESSOR_DEFINITIONS = (
					"DEBUG=1",
					"$(inherited)",
				);
				GCC_WARN_64_TO_32_BIT_CONVERSION = YES;
				GCC_WARN_ABOUT_RETURN_TYPE = YES_ERROR;
				GCC_WARN_UNDECLARED_SELECTOR = YES;
				GCC_WARN_UNINITIALIZED_AUTOS = YES_AGGRESSIVE;
				GCC_WARN_UNUSED_FUNCTION = YES;
				GCC_WARN_UNUSED_VARIABLE = YES;
				IPHONEOS_DEPLOYMENT_TARGET = 17.4;
				LOCALIZATION_PREFERS_STRING_CATALOGS = YES;
				MTL_ENABLE_DEBUG_INFO = INCLUDE_SOURCE;
				MTL_FAST_MATH = YES;
				ONLY_ACTIVE_ARCH = YES;
				SDKROOT = iphoneos;
				SWIFT_ACTIVE_COMPILATION_CONDITIONS = "DEBUG $(inherited)";
				SWIFT_OPTIMIZATION_LEVEL = "-Onone";
			};
			name = Debug;
		};
		87BFAE4F2C21CF7F0049C8A5 /* Release */ = {
			isa = XCBuildConfiguration;
			buildSettings = {
				ALWAYS_SEARCH_USER_PATHS = NO;
				ASSETCATALOG_COMPILER_GENERATE_SWIFT_ASSET_SYMBOL_EXTENSIONS = YES;
				CLANG_ANALYZER_NONNULL = YES;
				CLANG_ANALYZER_NUMBER_OBJECT_CONVERSION = YES_AGGRESSIVE;
				CLANG_CXX_LANGUAGE_STANDARD = "gnu++20";
				CLANG_ENABLE_MODULES = YES;
				CLANG_ENABLE_OBJC_ARC = YES;
				CLANG_ENABLE_OBJC_WEAK = YES;
				CLANG_WARN_BLOCK_CAPTURE_AUTORELEASING = YES;
				CLANG_WARN_BOOL_CONVERSION = YES;
				CLANG_WARN_COMMA = YES;
				CLANG_WARN_CONSTANT_CONVERSION = YES;
				CLANG_WARN_DEPRECATED_OBJC_IMPLEMENTATIONS = YES;
				CLANG_WARN_DIRECT_OBJC_ISA_USAGE = YES_ERROR;
				CLANG_WARN_DOCUMENTATION_COMMENTS = YES;
				CLANG_WARN_EMPTY_BODY = YES;
				CLANG_WARN_ENUM_CONVERSION = YES;
				CLANG_WARN_INFINITE_RECURSION = YES;
				CLANG_WARN_INT_CONVERSION = YES;
				CLANG_WARN_NON_LITERAL_NULL_CONVERSION = YES;
				CLANG_WARN_OBJC_IMPLICIT_RETAIN_SELF = YES;
				CLANG_WARN_OBJC_LITERAL_CONVERSION = YES;
				CLANG_WARN_OBJC_ROOT_CLASS = YES_ERROR;
				CLANG_WARN_QUOTED_INCLUDE_IN_FRAMEWORK_HEADER = YES;
				CLANG_WARN_RANGE_LOOP_ANALYSIS = YES;
				CLANG_WARN_STRICT_PROTOTYPES = YES;
				CLANG_WARN_SUSPICIOUS_MOVE = YES;
				CLANG_WARN_UNGUARDED_AVAILABILITY = YES_AGGRESSIVE;
				CLANG_WARN_UNREACHABLE_CODE = YES;
				CLANG_WARN__DUPLICATE_METHOD_MATCH = YES;
				COPY_PHASE_STRIP = NO;
				DEBUG_INFORMATION_FORMAT = "dwarf-with-dsym";
				ENABLE_NS_ASSERTIONS = NO;
				ENABLE_STRICT_OBJC_MSGSEND = YES;
				ENABLE_USER_SCRIPT_SANDBOXING = YES;
				GCC_C_LANGUAGE_STANDARD = gnu17;
				GCC_NO_COMMON_BLOCKS = YES;
				GCC_WARN_64_TO_32_BIT_CONVERSION = YES;
				GCC_WARN_ABOUT_RETURN_TYPE = YES_ERROR;
				GCC_WARN_UNDECLARED_SELECTOR = YES;
				GCC_WARN_UNINITIALIZED_AUTOS = YES_AGGRESSIVE;
				GCC_WARN_UNUSED_FUNCTION = YES;
				GCC_WARN_UNUSED_VARIABLE = YES;
				IPHONEOS_DEPLOYMENT_TARGET = 17.4;
				LOCALIZATION_PREFERS_STRING_CATALOGS = YES;
				MTL_ENABLE_DEBUG_INFO = NO;
				MTL_FAST_MATH = YES;
				SDKROOT = iphoneos;
				SWIFT_COMPILATION_MODE = wholemodule;
				VALIDATE_PRODUCT = YES;
			};
			name = Release;
		};
		87BFAE512C21CF7F0049C8A5 /* Debug */ = {
			isa = XCBuildConfiguration;
			buildSettings = {
				ASSETCATALOG_COMPILER_APPICON_NAME = AppIcon;
				ASSETCATALOG_COMPILER_GLOBAL_ACCENT_COLOR_NAME = AccentColor;
				CODE_SIGN_STYLE = Automatic;
				CURRENT_PROJECT_VERSION = 1;
				DEVELOPMENT_ASSET_PATHS = "\"evCharger/Preview Content\"";
				DEVELOPMENT_TEAM = 29BJ56NJ82;
				ENABLE_PREVIEWS = YES;
				GENERATE_INFOPLIST_FILE = YES;
				INFOPLIST_KEY_UIApplicationSceneManifest_Generation = YES;
				INFOPLIST_KEY_UIApplicationSupportsIndirectInputEvents = YES;
				INFOPLIST_KEY_UILaunchScreen_Generation = YES;
				INFOPLIST_KEY_UISupportedInterfaceOrientations_iPad = "UIInterfaceOrientationPortrait UIInterfaceOrientationPortraitUpsideDown UIInterfaceOrientationLandscapeLeft UIInterfaceOrientationLandscapeRight";
				INFOPLIST_KEY_UISupportedInterfaceOrientations_iPhone = "UIInterfaceOrientationPortrait UIInterfaceOrientationLandscapeLeft UIInterfaceOrientationLandscapeRight";
				LD_RUNPATH_SEARCH_PATHS = (
					"$(inherited)",
					"@executable_path/Frameworks",
				);
				MARKETING_VERSION = 1.0;
				PRODUCT_BUNDLE_IDENTIFIER = com.example.evCharger;
				PRODUCT_NAME = "$(TARGET_NAME)";
				SWIFT_EMIT_LOC_STRINGS = YES;
				SWIFT_VERSION = 5.0;
				TARGETED_DEVICE_FAMILY = "1,2";
			};
			name = Debug;
		};
		87BFAE522C21CF7F0049C8A5 /* Release */ = {
			isa = XCBuildConfiguration;
			buildSettings = {
				ASSETCATALOG_COMPILER_APPICON_NAME = AppIcon;
				ASSETCATALOG_COMPILER_GLOBAL_ACCENT_COLOR_NAME = AccentColor;
				CODE_SIGN_STYLE = Automatic;
				CURRENT_PROJECT_VERSION = 1;
				DEVELOPMENT_ASSET_PATHS = "\"evCharger/Preview Content\"";
				DEVELOPMENT_TEAM = 29BJ56NJ82;
				ENABLE_PREVIEWS = YES;
				GENERATE_INFOPLIST_FILE = YES;
				INFOPLIST_KEY_UIApplicationSceneManifest_Generation = YES;
				INFOPLIST_KEY_UIApplicationSupportsIndirectInputEvents = YES;
				INFOPLIST_KEY_UILaunchScreen_Generation = YES;
				INFOPLIST_KEY_UISupportedInterfaceOrientations_iPad = "UIInterfaceOrientationPortrait UIInterfaceOrientationPortraitUpsideDown UIInterfaceOrientationLandscapeLeft UIInterfaceOrientationLandscapeRight";
				INFOPLIST_KEY_UISupportedInterfaceOrientations_iPhone = "UIInterfaceOrientationPortrait UIInterfaceOrientationLandscapeLeft UIInterfaceOrientationLandscapeRight";
				LD_RUNPATH_SEARCH_PATHS = (
					"$(inherited)",
					"@executable_path/Frameworks",
				);
				MARKETING_VERSION = 1.0;
				PRODUCT_BUNDLE_IDENTIFIER = com.example.evCharger;
				PRODUCT_NAME = "$(TARGET_NAME)";
				SWIFT_EMIT_LOC_STRINGS = YES;
				SWIFT_VERSION = 5.0;
				TARGETED_DEVICE_FAMILY = "1,2";
			};
			name = Release;
		};
/* End XCBuildConfiguration section */

/* Begin XCConfigurationList section */
		87BFAE3B2C21CF7D0049C8A5 /* Build configuration list for PBXProject "evCharger" */ = {
			isa = XCConfigurationList;
			buildConfigurations = (
				87BFAE4E2C21CF7F0049C8A5 /* Debug */,
				87BFAE4F2C21CF7F0049C8A5 /* Release */,
			);
			defaultConfigurationIsVisible = 0;
			defaultConfigurationName = Release;
		};
		87BFAE502C21CF7F0049C8A5 /* Build configuration list for PBXNativeTarget "evCharger" */ = {
			isa = XCConfigurationList;
			buildConfigurations = (
				87BFAE512C21CF7F0049C8A5 /* Debug */,
				87BFAE522C21CF7F0049C8A5 /* Release */,
			);
			defaultConfigurationIsVisible = 0;
			defaultConfigurationName = Release;
		};
/* End XCConfigurationList section */
	};
	rootObject = 87BFAE382C21CF7D0049C8A5 /* Project object */;
}
